PODS:
  - device_info_plus (0.0.1):
    - Flutter
  - DKImagePickerController/Core (4.3.9):
    - DKImagePickerController/ImageDataManager
    - DKImagePickerController/Resource
  - DKImagePickerController/ImageDataManager (4.3.9)
  - DKImagePickerController/PhotoGallery (4.3.9):
    - DKImagePickerController/Core
    - DKPhotoGallery
  - DKImagePickerController/Resource (4.3.9)
  - DKPhotoGallery (0.0.19):
    - DKPhotoGallery/Core (= 0.0.19)
    - DKPhotoGallery/Model (= 0.0.19)
    - DKPhotoGallery/Preview (= 0.0.19)
    - DKPhotoGallery/Resource (= 0.0.19)
    - SDWebImage
    - SwiftyGif
  - DKPhotoGallery/Core (0.0.19):
    - DKPhotoGallery/Model
    - DKPhotoGallery/Preview
    - SDWebImage
    - SwiftyGif
  - DKPhotoGallery/Model (0.0.19):
    - SDWebImage
    - SwiftyGif
  - DKPhotoGallery/Preview (0.0.19):
    - DKPhotoGallery/Model
    - DKPhotoGallery/Resource
    - SDWebImage
    - SwiftyGif
  - DKPhotoGallery/Resource (0.0.19):
    - SDWebImage
    - SwiftyGif
  - file_picker (0.0.1):
    - DKImagePickerController/PhotoGallery
    - Flutter
  - Flutter (1.0.0)
  - flutter_sharing_intent (1.0.1):
    - Flutter
  - image_picker_ios (0.0.1):
    - Flutter
  - pdfx (1.0.0):
    - Flutter
  - SDWebImage (5.21.7):
    - SDWebImage/Core (= 5.21.7)
  - SDWebImage/Core (5.21.7)
  - SwiftyGif (5.4.5)
  - syncfusion_flutter_pdfviewer (0.0.1):
    - Flutter
  - url_launcher_ios (0.0.1):
    - Flutter

DEPENDENCIES:
  - device_info_plus (from `.symlinks/plugins/device_info_plus/ios`)
  - file_picker (from `.symlinks/plugins/file_picker/ios`)
  - Flutter (from `Flutter`)
  - flutter_sharing_intent (from `.symlinks/plugins/flutter_sharing_intent/ios`)
  - image_picker_ios (from `.symlinks/plugins/image_picker_ios/ios`)
  - pdfx (from `.symlinks/plugins/pdfx/ios`)
  - syncfusion_flutter_pdfviewer (from `.symlinks/plugins/syncfusion_flutter_pdfviewer/ios`)
  - url_launcher_ios (from `.symlinks/plugins/url_launcher_ios/ios`)

SPEC REPOS:
  trunk:
    - DKImagePickerController
    - DKPhotoGallery
    - SDWebImage
    - SwiftyGif

EXTERNAL SOURCES:
  device_info_plus:
    :path: ".symlinks/plugins/device_info_plus/ios"
  file_picker:
    :path: ".symlinks/plugins/file_picker/ios"
  Flutter:
    :path: Flutter
  flutter_sharing_intent:
    :path: ".symlinks/plugins/flutter_sharing_intent/ios"
  image_picker_ios:
    :path: ".symlinks/plugins/image_picker_ios/ios"
  pdfx:
    :path: ".symlinks/plugins/pdfx/ios"
  syncfusion_flutter_pdfviewer:
    :path: ".symlinks/plugins/syncfusion_flutter_pdfviewer/ios"
  url_launcher_ios:
    :path: ".symlinks/plugins/url_launcher_ios/ios"

SPEC CHECKSUMS:
  device_info_plus: bf2e3232933866d73fe290f2942f2156cdd10342
  DKImagePickerController: 946cec48c7873164274ecc4624d19e3da4c1ef3c
  DKPhotoGallery: b3834fecb755ee09a593d7c9e389d8b5d6deed60
  file_picker: b159e0c068aef54932bb15dc9fd1571818edaf49
  Flutter: cabc95a1d2626b1b06e7179b784ebcf0c0cde467
  flutter_sharing_intent: ea3bb5ac2838e6700a5a8506804c08a78a1ef316
  image_picker_ios: 4f2f91b01abdb52842a8e277617df877e40f905b
  pdfx: 7b876b09de8b7a0bf444a4f82b439ffcff4ee1ec
  SDWebImage: e9fc87c1aab89a8ab1bbd74eba378c6f53be8abf
  SwiftyGif: 706c60cf65fa2bc5ee0313beece843c8eb8194d4
  syncfusion_flutter_pdfviewer: bb9998884b864cfedf72628df3503bdf57e397c0
  url_launcher_ios: bb13df5870e8c4234ca12609d04010a21be43dfa

PODFILE CHECKSUM: 3ba3a73b1b12adcf321a227a745625fe0888cc82

COCOAPODS: 1.16.2
